// !$*UTF8*$!
{
	archiveVersion = 1;
	classes = {
	};
	objectVersion = 51;
	objects = {

/* Begin PBXBuildFile section */
		01076A8C42A766A19033534E /* Pods_tawktestios_tawktestiosUITests.framework in Frameworks */ = {isa = PBXBuildFile; fileRef = DECD537938270ADF8BE1DE5F /* Pods_tawktestios_tawktestiosUITests.framework */; };
		2917C6C126AACA52003767B0 /* AppDelegate.swift in Sources */ = {isa = PBXBuildFile; fileRef = 2917C6C026AACA52003767B0 /* AppDelegate.swift */; };
		2917C6C326AACA52003767B0 /* SceneDelegate.swift in Sources */ = {isa = PBXBuildFile; fileRef = 2917C6C226AACA52003767B0 /* SceneDelegate.swift */; };
		2917C6C526AACA52003767B0 /* GithubUserListViewController.swift in Sources */ = {isa = PBXBuildFile; fileRef = 2917C6C426AACA52003767B0 /* GithubUserListViewController.swift */; };
		2917C6C826AACA52003767B0 /* Main.storyboard in Resources */ = {isa = PBXBuildFile; fileRef = 2917C6C626AACA52003767B0 /* Main.storyboard */; };
		2917C6CD26AACA53003767B0 /* Assets.xcassets in Resources */ = {isa = PBXBuildFile; fileRef = 2917C6CC26AACA53003767B0 /* Assets.xcassets */; };
		2917C6D026AACA53003767B0 /* LaunchScreen.storyboard in Resources */ = {isa = PBXBuildFile; fileRef = 2917C6CE26AACA53003767B0 /* LaunchScreen.storyboard */; };
		2917C6DB26AACA53003767B0 /* tawktestiosTests.swift in Sources */ = {isa = PBXBuildFile; fileRef = 2917C6DA26AACA53003767B0 /* tawktestiosTests.swift */; };
		2917C6E626AACA53003767B0 /* tawktestiosUITests.swift in Sources */ = {isa = PBXBuildFile; fileRef = 2917C6E526AACA53003767B0 /* tawktestiosUITests.swift */; };
		2917C6F526AACAA3003767B0 /* GithubApiRequest.swift in Sources */ = {isa = PBXBuildFile; fileRef = 2917C6F426AACAA3003767B0 /* GithubApiRequest.swift */; };
		2948DC7826AB367C001EF5D2 /* ApiRequest.swift in Sources */ = {isa = PBXBuildFile; fileRef = 2948DC7726AB367C001EF5D2 /* ApiRequest.swift */; };
		2948DC7C26AB3E35001EF5D2 /* Parameterizable.swift in Sources */ = {isa = PBXBuildFile; fileRef = 2948DC7B26AB3E35001EF5D2 /* Parameterizable.swift */; };
		2948DC7E26AB3E82001EF5D2 /* ApiClient.swift in Sources */ = {isa = PBXBuildFile; fileRef = 2948DC7D26AB3E82001EF5D2 /* ApiClient.swift */; };
		2948DC8126AB3F28001EF5D2 /* GithubUser.swift in Sources */ = {isa = PBXBuildFile; fileRef = 2948DC8026AB3F28001EF5D2 /* GithubUser.swift */; };
		2948DC8326AB415B001EF5D2 /* FetchGithubUserParams.swift in Sources */ = {isa = PBXBuildFile; fileRef = 2948DC8226AB415B001EF5D2 /* FetchGithubUserParams.swift */; };
		2948DC8626AB4DF3001EF5D2 /* ViewModel.swift in Sources */ = {isa = PBXBuildFile; fileRef = 2948DC8526AB4DF3001EF5D2 /* ViewModel.swift */; };
		2948DC8A26ABFB48001EF5D2 /* GithubService.swift in Sources */ = {isa = PBXBuildFile; fileRef = 2948DC8926ABFB47001EF5D2 /* GithubService.swift */; };
		2948DC8D26ABFB6E001EF5D2 /* Service.swift in Sources */ = {isa = PBXBuildFile; fileRef = 2948DC8C26ABFB6E001EF5D2 /* Service.swift */; };
		2948DC9326AC065B001EF5D2 /* DataSources.swift in Sources */ = {isa = PBXBuildFile; fileRef = 2948DC9226AC065B001EF5D2 /* DataSources.swift */; };
		2948DC9626AC0F07001EF5D2 /* GithubRemoteDataSource.swift in Sources */ = {isa = PBXBuildFile; fileRef = 2948DC9526AC0F07001EF5D2 /* GithubRemoteDataSource.swift */; };
		2948DC9A26AC1C39001EF5D2 /* BaseViewController.swift in Sources */ = {isa = PBXBuildFile; fileRef = 2948DC9926AC1C39001EF5D2 /* BaseViewController.swift */; };
		2948DC9C26AC2C33001EF5D2 /* AbstractViewModel.swift in Sources */ = {isa = PBXBuildFile; fileRef = 2948DC9B26AC2C33001EF5D2 /* AbstractViewModel.swift */; };
		2948DC9E26AC2D98001EF5D2 /* GithubViewModel.swift in Sources */ = {isa = PBXBuildFile; fileRef = 2948DC9D26AC2D98001EF5D2 /* GithubViewModel.swift */; };
		2948DCA126AC742B001EF5D2 /* GithubStepper.swift in Sources */ = {isa = PBXBuildFile; fileRef = 2948DCA026AC742B001EF5D2 /* GithubStepper.swift */; };
		2948DCA326AC8078001EF5D2 /* GithubFlow.swift in Sources */ = {isa = PBXBuildFile; fileRef = 2948DCA226AC8078001EF5D2 /* GithubFlow.swift */; };
		29F4285B26AD268A0073C150 /* RootStepper.swift in Sources */ = {isa = PBXBuildFile; fileRef = 29F4285A26AD268A0073C150 /* RootStepper.swift */; };
		29F4285D26AD26B80073C150 /* RootFlow.swift in Sources */ = {isa = PBXBuildFile; fileRef = 29F4285C26AD26B80073C150 /* RootFlow.swift */; };
		29F4285F26AD924D0073C150 /* NetworkOperation.swift in Sources */ = {isa = PBXBuildFile; fileRef = 29F4285E26AD924D0073C150 /* NetworkOperation.swift */; };
		29F4286226ADCC8C0073C150 /* QueueManager.swift in Sources */ = {isa = PBXBuildFile; fileRef = 29F4286126ADCC8C0073C150 /* QueueManager.swift */; };
		29F4286526AE9A3E0073C150 /* UIView+Extension.swift in Sources */ = {isa = PBXBuildFile; fileRef = 29F4286426AE9A3E0073C150 /* UIView+Extension.swift */; };
		29F4286926AE9A640073C150 /* GithubUserCell.swift in Sources */ = {isa = PBXBuildFile; fileRef = 29F4286826AE9A640073C150 /* GithubUserCell.swift */; };
		29F4286C26B12C860073C150 /* ImageDownloader.swift in Sources */ = {isa = PBXBuildFile; fileRef = 29F4286B26B12C860073C150 /* ImageDownloader.swift */; };
		29F4286E26B12D660073C150 /* UIImageView+Extension.swift in Sources */ = {isa = PBXBuildFile; fileRef = 29F4286D26B12D660073C150 /* UIImageView+Extension.swift */; };
		29F4287026B12EEC0073C150 /* UIImage+Extension.swift in Sources */ = {isa = PBXBuildFile; fileRef = 29F4286F26B12EEC0073C150 /* UIImage+Extension.swift */; };
		29F4287226B160BD0073C150 /* ImageCache.swift in Sources */ = {isa = PBXBuildFile; fileRef = 29F4287126B160BD0073C150 /* ImageCache.swift */; };
		29F4287426B160E30073C150 /* ImageLoader.swift in Sources */ = {isa = PBXBuildFile; fileRef = 29F4287326B160E30073C150 /* ImageLoader.swift */; };
		29F4287726B2EF860073C150 /* CoreDataClient.swift in Sources */ = {isa = PBXBuildFile; fileRef = 29F4287626B2EF860073C150 /* CoreDataClient.swift */; };
		29F4287926B2F1910073C150 /* GithubLocalDataSource.swift in Sources */ = {isa = PBXBuildFile; fileRef = 29F4287826B2F1910073C150 /* GithubLocalDataSource.swift */; };
		29F4288526B331AC0073C150 /* tawktestios.xcdatamodeld in Sources */ = {isa = PBXBuildFile; fileRef = 29F4288326B331AC0073C150 /* tawktestios.xcdatamodeld */; };
		29F4288C26B35C920073C150 /* GithubUserEntity+CoreDataProperties.swift in Sources */ = {isa = PBXBuildFile; fileRef = 29F4288A26B35C920073C150 /* GithubUserEntity+CoreDataProperties.swift */; };
		29F4288D26B35C920073C150 /* GithubUserEntity+CoreDataClass.swift in Sources */ = {isa = PBXBuildFile; fileRef = 29F4288B26B35C920073C150 /* GithubUserEntity+CoreDataClass.swift */; };
		29F4288F26B3EF000073C150 /* ImageCacheLoader.swift in Sources */ = {isa = PBXBuildFile; fileRef = 29F4288E26B3EF000073C150 /* ImageCacheLoader.swift */; };
		29F4289226B48DB40073C150 /* Coordinator.swift in Sources */ = {isa = PBXBuildFile; fileRef = 29F4289126B48DB40073C150 /* Coordinator.swift */; };
		29F4289426B48E3A0073C150 /* RootCoordinator.swift in Sources */ = {isa = PBXBuildFile; fileRef = 29F4289326B48E3A0073C150 /* RootCoordinator.swift */; };
		29F4289626B48E850073C150 /* ProfileCoordinator.swift in Sources */ = {isa = PBXBuildFile; fileRef = 29F4289526B48E850073C150 /* ProfileCoordinator.swift */; };
		29F4289926B5ED490073C150 /* Reachability.swift in Sources */ = {isa = PBXBuildFile; fileRef = 29F4289826B5ED490073C150 /* Reachability.swift */; };
		29F4289B26B6A6C70073C150 /* CoreDataEntities.swift in Sources */ = {isa = PBXBuildFile; fileRef = 29F4289A26B6A6C70073C150 /* CoreDataEntities.swift */; };
		386219E0B23F09E95E5AFA5F /* Pods_tawktestios.framework in Frameworks */ = {isa = PBXBuildFile; fileRef = 717F7B6EC8E5057CD8EAEAFB /* Pods_tawktestios.framework */; };
		68B8DB606656DBF87C358B47 /* Pods_tawktestiosTests.framework in Frameworks */ = {isa = PBXBuildFile; fileRef = 65EFE33544A0348AFA6D9190 /* Pods_tawktestiosTests.framework */; };
/* End PBXBuildFile section */

/* Begin PBXContainerItemProxy section */
		2917C6D726AACA53003767B0 /* PBXContainerItemProxy */ = {
			isa = PBXContainerItemProxy;
			containerPortal = 2917C6B526AACA52003767B0 /* Project object */;
			proxyType = 1;
			remoteGlobalIDString = 2917C6BC26AACA52003767B0;
			remoteInfo = tawktestios;
		};
		2917C6E226AACA53003767B0 /* PBXContainerItemProxy */ = {
			isa = PBXContainerItemProxy;
			containerPortal = 2917C6B526AACA52003767B0 /* Project object */;
			proxyType = 1;
			remoteGlobalIDString = 2917C6BC26AACA52003767B0;
			remoteInfo = tawktestios;
		};
/* End PBXContainerItemProxy section */

/* Begin PBXFileReference section */
		232358D441F54C0C05818D10 /* Pods-tawktestiosTests.debug.xcconfig */ = {isa = PBXFileReference; includeInIndex = 1; lastKnownFileType = text.xcconfig; name = "Pods-tawktestiosTests.debug.xcconfig"; path = "Target Support Files/Pods-tawktestiosTests/Pods-tawktestiosTests.debug.xcconfig"; sourceTree = "<group>"; };
		2917C6BD26AACA52003767B0 /* tawktestios.app */ = {isa = PBXFileReference; explicitFileType = wrapper.application; includeInIndex = 0; path = tawktestios.app; sourceTree = BUILT_PRODUCTS_DIR; };
		2917C6C026AACA52003767B0 /* AppDelegate.swift */ = {isa = PBXFileReference; lastKnownFileType = sourcecode.swift; path = AppDelegate.swift; sourceTree = "<group>"; };
		2917C6C226AACA52003767B0 /* SceneDelegate.swift */ = {isa = PBXFileReference; lastKnownFileType = sourcecode.swift; path = SceneDelegate.swift; sourceTree = "<group>"; };
		2917C6C426AACA52003767B0 /* GithubUserListViewController.swift */ = {isa = PBXFileReference; lastKnownFileType = sourcecode.swift; path = GithubUserListViewController.swift; sourceTree = "<group>"; };
		2917C6C726AACA52003767B0 /* Base */ = {isa = PBXFileReference; lastKnownFileType = file.storyboard; name = Base; path = Base.lproj/Main.storyboard; sourceTree = "<group>"; };
		2917C6CC26AACA53003767B0 /* Assets.xcassets */ = {isa = PBXFileReference; lastKnownFileType = folder.assetcatalog; path = Assets.xcassets; sourceTree = "<group>"; };
		2917C6CF26AACA53003767B0 /* Base */ = {isa = PBXFileReference; lastKnownFileType = file.storyboard; name = Base; path = Base.lproj/LaunchScreen.storyboard; sourceTree = "<group>"; };
		2917C6D126AACA53003767B0 /* Info.plist */ = {isa = PBXFileReference; lastKnownFileType = text.plist.xml; path = Info.plist; sourceTree = "<group>"; };
		2917C6D626AACA53003767B0 /* tawktestiosTests.xctest */ = {isa = PBXFileReference; explicitFileType = wrapper.cfbundle; includeInIndex = 0; path = tawktestiosTests.xctest; sourceTree = BUILT_PRODUCTS_DIR; };
		2917C6DA26AACA53003767B0 /* tawktestiosTests.swift */ = {isa = PBXFileReference; lastKnownFileType = sourcecode.swift; path = tawktestiosTests.swift; sourceTree = "<group>"; };
		2917C6DC26AACA53003767B0 /* Info.plist */ = {isa = PBXFileReference; lastKnownFileType = text.plist.xml; path = Info.plist; sourceTree = "<group>"; };
		2917C6E126AACA53003767B0 /* tawktestiosUITests.xctest */ = {isa = PBXFileReference; explicitFileType = wrapper.cfbundle; includeInIndex = 0; path = tawktestiosUITests.xctest; sourceTree = BUILT_PRODUCTS_DIR; };
		2917C6E526AACA53003767B0 /* tawktestiosUITests.swift */ = {isa = PBXFileReference; lastKnownFileType = sourcecode.swift; path = tawktestiosUITests.swift; sourceTree = "<group>"; };
		2917C6E726AACA53003767B0 /* Info.plist */ = {isa = PBXFileReference; lastKnownFileType = text.plist.xml; path = Info.plist; sourceTree = "<group>"; };
		2917C6F426AACAA3003767B0 /* GithubApiRequest.swift */ = {isa = PBXFileReference; lastKnownFileType = sourcecode.swift; path = GithubApiRequest.swift; sourceTree = "<group>"; };
		2948DC7726AB367C001EF5D2 /* ApiRequest.swift */ = {isa = PBXFileReference; lastKnownFileType = sourcecode.swift; path = ApiRequest.swift; sourceTree = "<group>"; };
		2948DC7B26AB3E35001EF5D2 /* Parameterizable.swift */ = {isa = PBXFileReference; lastKnownFileType = sourcecode.swift; path = Parameterizable.swift; sourceTree = "<group>"; };
		2948DC7D26AB3E82001EF5D2 /* ApiClient.swift */ = {isa = PBXFileReference; lastKnownFileType = sourcecode.swift; path = ApiClient.swift; sourceTree = "<group>"; };
		2948DC8026AB3F28001EF5D2 /* GithubUser.swift */ = {isa = PBXFileReference; lastKnownFileType = sourcecode.swift; path = GithubUser.swift; sourceTree = "<group>"; };
		2948DC8226AB415B001EF5D2 /* FetchGithubUserParams.swift */ = {isa = PBXFileReference; lastKnownFileType = sourcecode.swift; path = FetchGithubUserParams.swift; sourceTree = "<group>"; };
		2948DC8526AB4DF3001EF5D2 /* ViewModel.swift */ = {isa = PBXFileReference; lastKnownFileType = sourcecode.swift; path = ViewModel.swift; sourceTree = "<group>"; };
		2948DC8926ABFB47001EF5D2 /* GithubService.swift */ = {isa = PBXFileReference; lastKnownFileType = sourcecode.swift; path = GithubService.swift; sourceTree = "<group>"; };
		2948DC8C26ABFB6E001EF5D2 /* Service.swift */ = {isa = PBXFileReference; lastKnownFileType = sourcecode.swift; path = Service.swift; sourceTree = "<group>"; };
		2948DC9226AC065B001EF5D2 /* DataSources.swift */ = {isa = PBXFileReference; lastKnownFileType = sourcecode.swift; path = DataSources.swift; sourceTree = "<group>"; };
		2948DC9526AC0F07001EF5D2 /* GithubRemoteDataSource.swift */ = {isa = PBXFileReference; lastKnownFileType = sourcecode.swift; path = GithubRemoteDataSource.swift; sourceTree = "<group>"; };
		2948DC9926AC1C39001EF5D2 /* BaseViewController.swift */ = {isa = PBXFileReference; lastKnownFileType = sourcecode.swift; path = BaseViewController.swift; sourceTree = "<group>"; };
		2948DC9B26AC2C33001EF5D2 /* AbstractViewModel.swift */ = {isa = PBXFileReference; lastKnownFileType = sourcecode.swift; path = AbstractViewModel.swift; sourceTree = "<group>"; };
		2948DC9D26AC2D98001EF5D2 /* GithubViewModel.swift */ = {isa = PBXFileReference; lastKnownFileType = sourcecode.swift; path = GithubViewModel.swift; sourceTree = "<group>"; };
		2948DCA026AC742B001EF5D2 /* GithubStepper.swift */ = {isa = PBXFileReference; lastKnownFileType = sourcecode.swift; path = GithubStepper.swift; sourceTree = "<group>"; };
		2948DCA226AC8078001EF5D2 /* GithubFlow.swift */ = {isa = PBXFileReference; lastKnownFileType = sourcecode.swift; path = GithubFlow.swift; sourceTree = "<group>"; };
		29F4285A26AD268A0073C150 /* RootStepper.swift */ = {isa = PBXFileReference; lastKnownFileType = sourcecode.swift; path = RootStepper.swift; sourceTree = "<group>"; };
		29F4285C26AD26B80073C150 /* RootFlow.swift */ = {isa = PBXFileReference; lastKnownFileType = sourcecode.swift; path = RootFlow.swift; sourceTree = "<group>"; };
		29F4285E26AD924D0073C150 /* NetworkOperation.swift */ = {isa = PBXFileReference; lastKnownFileType = sourcecode.swift; path = NetworkOperation.swift; sourceTree = "<group>"; };
		29F4286126ADCC8C0073C150 /* QueueManager.swift */ = {isa = PBXFileReference; lastKnownFileType = sourcecode.swift; path = QueueManager.swift; sourceTree = "<group>"; };
		29F4286426AE9A3E0073C150 /* UIView+Extension.swift */ = {isa = PBXFileReference; lastKnownFileType = sourcecode.swift; path = "UIView+Extension.swift"; sourceTree = "<group>"; };
		29F4286826AE9A640073C150 /* GithubUserCell.swift */ = {isa = PBXFileReference; lastKnownFileType = sourcecode.swift; path = GithubUserCell.swift; sourceTree = "<group>"; };
		29F4286B26B12C860073C150 /* ImageDownloader.swift */ = {isa = PBXFileReference; lastKnownFileType = sourcecode.swift; path = ImageDownloader.swift; sourceTree = "<group>"; };
		29F4286D26B12D660073C150 /* UIImageView+Extension.swift */ = {isa = PBXFileReference; lastKnownFileType = sourcecode.swift; path = "UIImageView+Extension.swift"; sourceTree = "<group>"; };
		29F4286F26B12EEC0073C150 /* UIImage+Extension.swift */ = {isa = PBXFileReference; lastKnownFileType = sourcecode.swift; path = "UIImage+Extension.swift"; sourceTree = "<group>"; };
		29F4287126B160BD0073C150 /* ImageCache.swift */ = {isa = PBXFileReference; lastKnownFileType = sourcecode.swift; path = ImageCache.swift; sourceTree = "<group>"; };
		29F4287326B160E30073C150 /* ImageLoader.swift */ = {isa = PBXFileReference; lastKnownFileType = sourcecode.swift; path = ImageLoader.swift; sourceTree = "<group>"; };
		29F4287626B2EF860073C150 /* CoreDataClient.swift */ = {isa = PBXFileReference; lastKnownFileType = sourcecode.swift; path = CoreDataClient.swift; sourceTree = "<group>"; };
		29F4287826B2F1910073C150 /* GithubLocalDataSource.swift */ = {isa = PBXFileReference; lastKnownFileType = sourcecode.swift; path = GithubLocalDataSource.swift; sourceTree = "<group>"; };
		29F4288426B331AC0073C150 /* tawktestios.xcdatamodel */ = {isa = PBXFileReference; lastKnownFileType = wrapper.xcdatamodel; path = tawktestios.xcdatamodel; sourceTree = "<group>"; };
		29F4288A26B35C920073C150 /* GithubUserEntity+CoreDataProperties.swift */ = {isa = PBXFileReference; lastKnownFileType = sourcecode.swift; name = "GithubUserEntity+CoreDataProperties.swift"; path = "/Users/agmtazim/Desktop/Project/iOS/Test/tawk-test-ios/tawktestios/tawktestios/CoreData/GithubUserEntity+CoreDataProperties.swift"; sourceTree = "<absolute>"; };
		29F4288B26B35C920073C150 /* GithubUserEntity+CoreDataClass.swift */ = {isa = PBXFileReference; lastKnownFileType = sourcecode.swift; name = "GithubUserEntity+CoreDataClass.swift"; path = "/Users/agmtazim/Desktop/Project/iOS/Test/tawk-test-ios/tawktestios/tawktestios/CoreData/GithubUserEntity+CoreDataClass.swift"; sourceTree = "<absolute>"; };
		29F4288E26B3EF000073C150 /* ImageCacheLoader.swift */ = {isa = PBXFileReference; lastKnownFileType = sourcecode.swift; path = ImageCacheLoader.swift; sourceTree = "<group>"; };
		29F4289126B48DB40073C150 /* Coordinator.swift */ = {isa = PBXFileReference; lastKnownFileType = sourcecode.swift; path = Coordinator.swift; sourceTree = "<group>"; };
		29F4289326B48E3A0073C150 /* RootCoordinator.swift */ = {isa = PBXFileReference; lastKnownFileType = sourcecode.swift; path = RootCoordinator.swift; sourceTree = "<group>"; };
		29F4289526B48E850073C150 /* ProfileCoordinator.swift */ = {isa = PBXFileReference; lastKnownFileType = sourcecode.swift; path = ProfileCoordinator.swift; sourceTree = "<group>"; };
		29F4289826B5ED490073C150 /* Reachability.swift */ = {isa = PBXFileReference; lastKnownFileType = sourcecode.swift; path = Reachability.swift; sourceTree = "<group>"; };
		29F4289A26B6A6C70073C150 /* CoreDataEntities.swift */ = {isa = PBXFileReference; lastKnownFileType = sourcecode.swift; path = CoreDataEntities.swift; sourceTree = "<group>"; };
		2C10C7D74EB1C6736EDC74C6 /* Pods-tawktestios-tawktestiosUITests.debug.xcconfig */ = {isa = PBXFileReference; includeInIndex = 1; lastKnownFileType = text.xcconfig; name = "Pods-tawktestios-tawktestiosUITests.debug.xcconfig"; path = "Target Support Files/Pods-tawktestios-tawktestiosUITests/Pods-tawktestios-tawktestiosUITests.debug.xcconfig"; sourceTree = "<group>"; };
		65EFE33544A0348AFA6D9190 /* Pods_tawktestiosTests.framework */ = {isa = PBXFileReference; explicitFileType = wrapper.framework; includeInIndex = 0; path = Pods_tawktestiosTests.framework; sourceTree = BUILT_PRODUCTS_DIR; };
		717F7B6EC8E5057CD8EAEAFB /* Pods_tawktestios.framework */ = {isa = PBXFileReference; explicitFileType = wrapper.framework; includeInIndex = 0; path = Pods_tawktestios.framework; sourceTree = BUILT_PRODUCTS_DIR; };
		8FBC235EA25A04E96054FBE7 /* Pods-tawktestios.release.xcconfig */ = {isa = PBXFileReference; includeInIndex = 1; lastKnownFileType = text.xcconfig; name = "Pods-tawktestios.release.xcconfig"; path = "Target Support Files/Pods-tawktestios/Pods-tawktestios.release.xcconfig"; sourceTree = "<group>"; };
		BCD18C40D1F4BEAFA661F282 /* Pods-tawktestios.debug.xcconfig */ = {isa = PBXFileReference; includeInIndex = 1; lastKnownFileType = text.xcconfig; name = "Pods-tawktestios.debug.xcconfig"; path = "Target Support Files/Pods-tawktestios/Pods-tawktestios.debug.xcconfig"; sourceTree = "<group>"; };
		C5930E47CECBA93DEA7AD49C /* Pods-tawktestiosTests.release.xcconfig */ = {isa = PBXFileReference; includeInIndex = 1; lastKnownFileType = text.xcconfig; name = "Pods-tawktestiosTests.release.xcconfig"; path = "Target Support Files/Pods-tawktestiosTests/Pods-tawktestiosTests.release.xcconfig"; sourceTree = "<group>"; };
		DECD537938270ADF8BE1DE5F /* Pods_tawktestios_tawktestiosUITests.framework */ = {isa = PBXFileReference; explicitFileType = wrapper.framework; includeInIndex = 0; path = Pods_tawktestios_tawktestiosUITests.framework; sourceTree = BUILT_PRODUCTS_DIR; };
		EB63D16D6EB0CCF3B2ED717D /* Pods-tawktestios-tawktestiosUITests.release.xcconfig */ = {isa = PBXFileReference; includeInIndex = 1; lastKnownFileType = text.xcconfig; name = "Pods-tawktestios-tawktestiosUITests.release.xcconfig"; path = "Target Support Files/Pods-tawktestios-tawktestiosUITests/Pods-tawktestios-tawktestiosUITests.release.xcconfig"; sourceTree = "<group>"; };
/* End PBXFileReference section */

/* Begin PBXFrameworksBuildPhase section */
		2917C6BA26AACA52003767B0 /* Frameworks */ = {
			isa = PBXFrameworksBuildPhase;
			buildActionMask = 2147483647;
			files = (
				386219E0B23F09E95E5AFA5F /* Pods_tawktestios.framework in Frameworks */,
			);
			runOnlyForDeploymentPostprocessing = 0;
		};
		2917C6D326AACA53003767B0 /* Frameworks */ = {
			isa = PBXFrameworksBuildPhase;
			buildActionMask = 2147483647;
			files = (
				68B8DB606656DBF87C358B47 /* Pods_tawktestiosTests.framework in Frameworks */,
			);
			runOnlyForDeploymentPostprocessing = 0;
		};
		2917C6DE26AACA53003767B0 /* Frameworks */ = {
			isa = PBXFrameworksBuildPhase;
			buildActionMask = 2147483647;
			files = (
				01076A8C42A766A19033534E /* Pods_tawktestios_tawktestiosUITests.framework in Frameworks */,
			);
			runOnlyForDeploymentPostprocessing = 0;
		};
/* End PBXFrameworksBuildPhase section */

/* Begin PBXGroup section */
		26A5F597BA5BEB608520D28C /* Frameworks */ = {
			isa = PBXGroup;
			children = (
				717F7B6EC8E5057CD8EAEAFB /* Pods_tawktestios.framework */,
				DECD537938270ADF8BE1DE5F /* Pods_tawktestios_tawktestiosUITests.framework */,
				65EFE33544A0348AFA6D9190 /* Pods_tawktestiosTests.framework */,
			);
			name = Frameworks;
			sourceTree = "<group>";
		};
		2917C6B426AACA52003767B0 = {
			isa = PBXGroup;
			children = (
				2917C6BF26AACA52003767B0 /* tawktestios */,
				2917C6D926AACA53003767B0 /* tawktestiosTests */,
				2917C6E426AACA53003767B0 /* tawktestiosUITests */,
				2917C6BE26AACA52003767B0 /* Products */,
				A269DF04B61870306708AFDE /* Pods */,
				26A5F597BA5BEB608520D28C /* Frameworks */,
			);
			sourceTree = "<group>";
		};
		2917C6BE26AACA52003767B0 /* Products */ = {
			isa = PBXGroup;
			children = (
				2917C6BD26AACA52003767B0 /* tawktestios.app */,
				2917C6D626AACA53003767B0 /* tawktestiosTests.xctest */,
				2917C6E126AACA53003767B0 /* tawktestiosUITests.xctest */,
			);
			name = Products;
			sourceTree = "<group>";
		};
		2917C6BF26AACA52003767B0 /* tawktestios */ = {
			isa = PBXGroup;
			children = (
				29F4289726B5ED320073C150 /* Helper */,
				29F4287526B2EF620073C150 /* CoreData */,
				29F4286326AE9A1F0073C150 /* Extension */,
				2917C6F326AACA91003767B0 /* Network */,
				2948DC8826ABFAF6001EF5D2 /* Service */,
				2948DC9126AC0638001EF5D2 /* DataSource */,
				2948DC7526AAD23E001EF5D2 /* Model */,
				2948DC8726ABFAD9001EF5D2 /* View */,
				2948DC7626AAD245001EF5D2 /* ViewModel */,
				2948DC9026ABFDC5001EF5D2 /* Route */,
				2948DCA426AC8256001EF5D2 /* Storyboard */,
				2917C6C026AACA52003767B0 /* AppDelegate.swift */,
				2917C6C226AACA52003767B0 /* SceneDelegate.swift */,
				29F4288326B331AC0073C150 /* tawktestios.xcdatamodeld */,
				2917C6CC26AACA53003767B0 /* Assets.xcassets */,
				2917C6D126AACA53003767B0 /* Info.plist */,
			);
			path = tawktestios;
			sourceTree = "<group>";
		};
		2917C6D926AACA53003767B0 /* tawktestiosTests */ = {
			isa = PBXGroup;
			children = (
				2917C6DA26AACA53003767B0 /* tawktestiosTests.swift */,
				2917C6DC26AACA53003767B0 /* Info.plist */,
			);
			path = tawktestiosTests;
			sourceTree = "<group>";
		};
		2917C6E426AACA53003767B0 /* tawktestiosUITests */ = {
			isa = PBXGroup;
			children = (
				2917C6E526AACA53003767B0 /* tawktestiosUITests.swift */,
				2917C6E726AACA53003767B0 /* Info.plist */,
			);
			path = tawktestiosUITests;
			sourceTree = "<group>";
		};
		2917C6F326AACA91003767B0 /* Network */ = {
			isa = PBXGroup;
			children = (
				29F4286A26B12C740073C150 /* ImageDownloader */,
				2948DC7F26AB3EA6001EF5D2 /* Client */,
				2948DC7A26AB3D4A001EF5D2 /* Request */,
			);
			path = Network;
			sourceTree = "<group>";
		};
		2948DC7526AAD23E001EF5D2 /* Model */ = {
			isa = PBXGroup;
			children = (
				2948DC8E26ABFDA7001EF5D2 /* Github */,
			);
			path = Model;
			sourceTree = "<group>";
		};
		2948DC7626AAD245001EF5D2 /* ViewModel */ = {
			isa = PBXGroup;
			children = (
				2948DC9B26AC2C33001EF5D2 /* AbstractViewModel.swift */,
				2948DC8526AB4DF3001EF5D2 /* ViewModel.swift */,
				2948DC8426AB4DD5001EF5D2 /* Github */,
			);
			path = ViewModel;
			sourceTree = "<group>";
		};
		2948DC7926AB36D8001EF5D2 /* Github */ = {
			isa = PBXGroup;
			children = (
				2917C6F426AACAA3003767B0 /* GithubApiRequest.swift */,
				2948DC8226AB415B001EF5D2 /* FetchGithubUserParams.swift */,
			);
			path = Github;
			sourceTree = "<group>";
		};
		2948DC7A26AB3D4A001EF5D2 /* Request */ = {
			isa = PBXGroup;
			children = (
				2948DC7926AB36D8001EF5D2 /* Github */,
			);
			path = Request;
			sourceTree = "<group>";
		};
		2948DC7F26AB3EA6001EF5D2 /* Client */ = {
			isa = PBXGroup;
			children = (
				29F4286026ADCC6F0073C150 /* Queue */,
				2948DC7B26AB3E35001EF5D2 /* Parameterizable.swift */,
				2948DC7726AB367C001EF5D2 /* ApiRequest.swift */,
				2948DC7D26AB3E82001EF5D2 /* ApiClient.swift */,
			);
			path = Client;
			sourceTree = "<group>";
		};
		2948DC8426AB4DD5001EF5D2 /* Github */ = {
			isa = PBXGroup;
			children = (
				2948DC9D26AC2D98001EF5D2 /* GithubViewModel.swift */,
			);
			path = Github;
			sourceTree = "<group>";
		};
		2948DC8726ABFAD9001EF5D2 /* View */ = {
			isa = PBXGroup;
			children = (
				2948DC9926AC1C39001EF5D2 /* BaseViewController.swift */,
				2948DC8F26ABFDB4001EF5D2 /* Github */,
			);
			path = View;
			sourceTree = "<group>";
		};
		2948DC8826ABFAF6001EF5D2 /* Service */ = {
			isa = PBXGroup;
			children = (
				2948DC8C26ABFB6E001EF5D2 /* Service.swift */,
				2948DC8B26ABFB54001EF5D2 /* Github */,
			);
			path = Service;
			sourceTree = "<group>";
		};
		2948DC8B26ABFB54001EF5D2 /* Github */ = {
			isa = PBXGroup;
			children = (
				2948DC8926ABFB47001EF5D2 /* GithubService.swift */,
			);
			path = Github;
			sourceTree = "<group>";
		};
		2948DC8E26ABFDA7001EF5D2 /* Github */ = {
			isa = PBXGroup;
			children = (
				29F4288B26B35C920073C150 /* GithubUserEntity+CoreDataClass.swift */,
				29F4288A26B35C920073C150 /* GithubUserEntity+CoreDataProperties.swift */,
				2948DC8026AB3F28001EF5D2 /* GithubUser.swift */,
			);
			path = Github;
			sourceTree = "<group>";
		};
		2948DC8F26ABFDB4001EF5D2 /* Github */ = {
			isa = PBXGroup;
			children = (
				29F4286726AE9A510073C150 /* Cell */,
				29F4286626AE9A4B0073C150 /* Controller */,
			);
			path = Github;
			sourceTree = "<group>";
		};
		2948DC9026ABFDC5001EF5D2 /* Route */ = {
			isa = PBXGroup;
			children = (
				29F4289026B48D9E0073C150 /* Coordinator */,
				29F4285926AD267B0073C150 /* Root */,
				2948DC9F26AC7402001EF5D2 /* Github */,
			);
			path = Route;
			sourceTree = "<group>";
		};
		2948DC9126AC0638001EF5D2 /* DataSource */ = {
			isa = PBXGroup;
			children = (
				2948DC9226AC065B001EF5D2 /* DataSources.swift */,
				2948DC9426AC0EED001EF5D2 /* Github */,
			);
			path = DataSource;
			sourceTree = "<group>";
		};
		2948DC9426AC0EED001EF5D2 /* Github */ = {
			isa = PBXGroup;
			children = (
				29F4287826B2F1910073C150 /* GithubLocalDataSource.swift */,
				2948DC9526AC0F07001EF5D2 /* GithubRemoteDataSource.swift */,
			);
			path = Github;
			sourceTree = "<group>";
		};
		2948DC9F26AC7402001EF5D2 /* Github */ = {
			isa = PBXGroup;
			children = (
				2948DCA026AC742B001EF5D2 /* GithubStepper.swift */,
				2948DCA226AC8078001EF5D2 /* GithubFlow.swift */,
				29F4289526B48E850073C150 /* ProfileCoordinator.swift */,
			);
			path = Github;
			sourceTree = "<group>";
		};
		2948DCA426AC8256001EF5D2 /* Storyboard */ = {
			isa = PBXGroup;
			children = (
				2917C6CE26AACA53003767B0 /* LaunchScreen.storyboard */,
				2917C6C626AACA52003767B0 /* Main.storyboard */,
			);
			path = Storyboard;
			sourceTree = "<group>";
		};
		29F4285926AD267B0073C150 /* Root */ = {
			isa = PBXGroup;
			children = (
				29F4285A26AD268A0073C150 /* RootStepper.swift */,
				29F4285C26AD26B80073C150 /* RootFlow.swift */,
				29F4289326B48E3A0073C150 /* RootCoordinator.swift */,
			);
			path = Root;
			sourceTree = "<group>";
		};
		29F4286026ADCC6F0073C150 /* Queue */ = {
			isa = PBXGroup;
			children = (
				29F4285E26AD924D0073C150 /* NetworkOperation.swift */,
				29F4286126ADCC8C0073C150 /* QueueManager.swift */,
			);
			path = Queue;
			sourceTree = "<group>";
		};
		29F4286326AE9A1F0073C150 /* Extension */ = {
			isa = PBXGroup;
			children = (
				29F4286426AE9A3E0073C150 /* UIView+Extension.swift */,
				29F4286D26B12D660073C150 /* UIImageView+Extension.swift */,
				29F4286F26B12EEC0073C150 /* UIImage+Extension.swift */,
			);
			path = Extension;
			sourceTree = "<group>";
		};
		29F4286626AE9A4B0073C150 /* Controller */ = {
			isa = PBXGroup;
			children = (
				2917C6C426AACA52003767B0 /* GithubUserListViewController.swift */,
			);
			path = Controller;
			sourceTree = "<group>";
		};
		29F4286726AE9A510073C150 /* Cell */ = {
			isa = PBXGroup;
			children = (
				29F4286826AE9A640073C150 /* GithubUserCell.swift */,
			);
			path = Cell;
			sourceTree = "<group>";
		};
		29F4286A26B12C740073C150 /* ImageDownloader */ = {
			isa = PBXGroup;
			children = (
				29F4286B26B12C860073C150 /* ImageDownloader.swift */,
				29F4287126B160BD0073C150 /* ImageCache.swift */,
				29F4287326B160E30073C150 /* ImageLoader.swift */,
				29F4288E26B3EF000073C150 /* ImageCacheLoader.swift */,
			);
			path = ImageDownloader;
			sourceTree = "<group>";
		};
		29F4287526B2EF620073C150 /* CoreData */ = {
			isa = PBXGroup;
			children = (
				29F4287626B2EF860073C150 /* CoreDataClient.swift */,
				29F4289A26B6A6C70073C150 /* CoreDataEntities.swift */,
			);
			path = CoreData;
			sourceTree = "<group>";
		};
		29F4289026B48D9E0073C150 /* Coordinator */ = {
			isa = PBXGroup;
			children = (
				29F4289126B48DB40073C150 /* Coordinator.swift */,
			);
			path = Coordinator;
			sourceTree = "<group>";
		};
		29F4289726B5ED320073C150 /* Helper */ = {
			isa = PBXGroup;
			children = (
				29F4289826B5ED490073C150 /* Reachability.swift */,
			);
			path = Helper;
			sourceTree = "<group>";
		};
		A269DF04B61870306708AFDE /* Pods */ = {
			isa = PBXGroup;
			children = (
				BCD18C40D1F4BEAFA661F282 /* Pods-tawktestios.debug.xcconfig */,
				8FBC235EA25A04E96054FBE7 /* Pods-tawktestios.release.xcconfig */,
				2C10C7D74EB1C6736EDC74C6 /* Pods-tawktestios-tawktestiosUITests.debug.xcconfig */,
				EB63D16D6EB0CCF3B2ED717D /* Pods-tawktestios-tawktestiosUITests.release.xcconfig */,
				232358D441F54C0C05818D10 /* Pods-tawktestiosTests.debug.xcconfig */,
				C5930E47CECBA93DEA7AD49C /* Pods-tawktestiosTests.release.xcconfig */,
			);
			path = Pods;
			sourceTree = "<group>";
		};
/* End PBXGroup section */

/* Begin PBXNativeTarget section */
		2917C6BC26AACA52003767B0 /* tawktestios */ = {
			isa = PBXNativeTarget;
			buildConfigurationList = 2917C6EA26AACA53003767B0 /* Build configuration list for PBXNativeTarget "tawktestios" */;
			buildPhases = (
				4E68672ADD5508F12119CBD3 /* [CP] Check Pods Manifest.lock */,
				2917C6B926AACA52003767B0 /* Sources */,
				2917C6BA26AACA52003767B0 /* Frameworks */,
				2917C6BB26AACA52003767B0 /* Resources */,
				AB9A04F0A0BD8B75AB665C35 /* [CP] Embed Pods Frameworks */,
			);
			buildRules = (
			);
			dependencies = (
			);
			name = tawktestios;
			productName = tawktestios;
			productReference = 2917C6BD26AACA52003767B0 /* tawktestios.app */;
			productType = "com.apple.product-type.application";
		};
		2917C6D526AACA53003767B0 /* tawktestiosTests */ = {
			isa = PBXNativeTarget;
			buildConfigurationList = 2917C6ED26AACA53003767B0 /* Build configuration list for PBXNativeTarget "tawktestiosTests" */;
			buildPhases = (
				CDA6BD5C013441CBE8673173 /* [CP] Check Pods Manifest.lock */,
				2917C6D226AACA53003767B0 /* Sources */,
				2917C6D326AACA53003767B0 /* Frameworks */,
				2917C6D426AACA53003767B0 /* Resources */,
			);
			buildRules = (
			);
			dependencies = (
				2917C6D826AACA53003767B0 /* PBXTargetDependency */,
			);
			name = tawktestiosTests;
			productName = tawktestiosTests;
			productReference = 2917C6D626AACA53003767B0 /* tawktestiosTests.xctest */;
			productType = "com.apple.product-type.bundle.unit-test";
		};
		2917C6E026AACA53003767B0 /* tawktestiosUITests */ = {
			isa = PBXNativeTarget;
			buildConfigurationList = 2917C6F026AACA53003767B0 /* Build configuration list for PBXNativeTarget "tawktestiosUITests" */;
			buildPhases = (
				4C6DB9AD06C959D56777ABDF /* [CP] Check Pods Manifest.lock */,
				2917C6DD26AACA53003767B0 /* Sources */,
				2917C6DE26AACA53003767B0 /* Frameworks */,
				2917C6DF26AACA53003767B0 /* Resources */,
				80F0CBDEE4F42001B62EABCD /* [CP] Embed Pods Frameworks */,
			);
			buildRules = (
			);
			dependencies = (
				2917C6E326AACA53003767B0 /* PBXTargetDependency */,
			);
			name = tawktestiosUITests;
			productName = tawktestiosUITests;
			productReference = 2917C6E126AACA53003767B0 /* tawktestiosUITests.xctest */;
			productType = "com.apple.product-type.bundle.ui-testing";
		};
/* End PBXNativeTarget section */

/* Begin PBXProject section */
		2917C6B526AACA52003767B0 /* Project object */ = {
			isa = PBXProject;
			attributes = {
				LastSwiftUpdateCheck = 1250;
				LastUpgradeCheck = 1250;
				TargetAttributes = {
					2917C6BC26AACA52003767B0 = {
						CreatedOnToolsVersion = 12.5.1;
					};
					2917C6D526AACA53003767B0 = {
						CreatedOnToolsVersion = 12.5.1;
						TestTargetID = 2917C6BC26AACA52003767B0;
					};
					2917C6E026AACA53003767B0 = {
						CreatedOnToolsVersion = 12.5.1;
						TestTargetID = 2917C6BC26AACA52003767B0;
					};
				};
			};
			buildConfigurationList = 2917C6B826AACA52003767B0 /* Build configuration list for PBXProject "tawktestios" */;
			compatibilityVersion = "Xcode 9.3";
			developmentRegion = en;
			hasScannedForEncodings = 0;
			knownRegions = (
				en,
				Base,
			);
			mainGroup = 2917C6B426AACA52003767B0;
			productRefGroup = 2917C6BE26AACA52003767B0 /* Products */;
			projectDirPath = "";
			projectRoot = "";
			targets = (
				2917C6BC26AACA52003767B0 /* tawktestios */,
				2917C6D526AACA53003767B0 /* tawktestiosTests */,
				2917C6E026AACA53003767B0 /* tawktestiosUITests */,
			);
		};
/* End PBXProject section */

/* Begin PBXResourcesBuildPhase section */
		2917C6BB26AACA52003767B0 /* Resources */ = {
			isa = PBXResourcesBuildPhase;
			buildActionMask = 2147483647;
			files = (
				2917C6D026AACA53003767B0 /* LaunchScreen.storyboard in Resources */,
				2917C6CD26AACA53003767B0 /* Assets.xcassets in Resources */,
				2917C6C826AACA52003767B0 /* Main.storyboard in Resources */,
			);
			runOnlyForDeploymentPostprocessing = 0;
		};
		2917C6D426AACA53003767B0 /* Resources */ = {
			isa = PBXResourcesBuildPhase;
			buildActionMask = 2147483647;
			files = (
			);
			runOnlyForDeploymentPostprocessing = 0;
		};
		2917C6DF26AACA53003767B0 /* Resources */ = {
			isa = PBXResourcesBuildPhase;
			buildActionMask = 2147483647;
			files = (
			);
			runOnlyForDeploymentPostprocessing = 0;
		};
/* End PBXResourcesBuildPhase section */

/* Begin PBXShellScriptBuildPhase section */
		4C6DB9AD06C959D56777ABDF /* [CP] Check Pods Manifest.lock */ = {
			isa = PBXShellScriptBuildPhase;
			buildActionMask = 2147483647;
			files = (
			);
			inputFileListPaths = (
			);
			inputPaths = (
				"${PODS_PODFILE_DIR_PATH}/Podfile.lock",
				"${PODS_ROOT}/Manifest.lock",
			);
			name = "[CP] Check Pods Manifest.lock";
			outputFileListPaths = (
			);
			outputPaths = (
				"$(DERIVED_FILE_DIR)/Pods-tawktestios-tawktestiosUITests-checkManifestLockResult.txt",
			);
			runOnlyForDeploymentPostprocessing = 0;
			shellPath = /bin/sh;
			shellScript = "diff \"${PODS_PODFILE_DIR_PATH}/Podfile.lock\" \"${PODS_ROOT}/Manifest.lock\" > /dev/null\nif [ $? != 0 ] ; then\n    # print error to STDERR\n    echo \"error: The sandbox is not in sync with the Podfile.lock. Run 'pod install' or update your CocoaPods installation.\" >&2\n    exit 1\nfi\n# This output is used by Xcode 'outputs' to avoid re-running this script phase.\necho \"SUCCESS\" > \"${SCRIPT_OUTPUT_FILE_0}\"\n";
			showEnvVarsInLog = 0;
		};
		4E68672ADD5508F12119CBD3 /* [CP] Check Pods Manifest.lock */ = {
			isa = PBXShellScriptBuildPhase;
			buildActionMask = 2147483647;
			files = (
			);
			inputFileListPaths = (
			);
			inputPaths = (
				"${PODS_PODFILE_DIR_PATH}/Podfile.lock",
				"${PODS_ROOT}/Manifest.lock",
			);
			name = "[CP] Check Pods Manifest.lock";
			outputFileListPaths = (
			);
			outputPaths = (
				"$(DERIVED_FILE_DIR)/Pods-tawktestios-checkManifestLockResult.txt",
			);
			runOnlyForDeploymentPostprocessing = 0;
			shellPath = /bin/sh;
			shellScript = "diff \"${PODS_PODFILE_DIR_PATH}/Podfile.lock\" \"${PODS_ROOT}/Manifest.lock\" > /dev/null\nif [ $? != 0 ] ; then\n    # print error to STDERR\n    echo \"error: The sandbox is not in sync with the Podfile.lock. Run 'pod install' or update your CocoaPods installation.\" >&2\n    exit 1\nfi\n# This output is used by Xcode 'outputs' to avoid re-running this script phase.\necho \"SUCCESS\" > \"${SCRIPT_OUTPUT_FILE_0}\"\n";
			showEnvVarsInLog = 0;
		};
		80F0CBDEE4F42001B62EABCD /* [CP] Embed Pods Frameworks */ = {
			isa = PBXShellScriptBuildPhase;
			buildActionMask = 2147483647;
			files = (
			);
			inputFileListPaths = (
				"${PODS_ROOT}/Target Support Files/Pods-tawktestios-tawktestiosUITests/Pods-tawktestios-tawktestiosUITests-frameworks-${CONFIGURATION}-input-files.xcfilelist",
			);
			name = "[CP] Embed Pods Frameworks";
			outputFileListPaths = (
				"${PODS_ROOT}/Target Support Files/Pods-tawktestios-tawktestiosUITests/Pods-tawktestios-tawktestiosUITests-frameworks-${CONFIGURATION}-output-files.xcfilelist",
			);
			runOnlyForDeploymentPostprocessing = 0;
			shellPath = /bin/sh;
			shellScript = "\"${PODS_ROOT}/Target Support Files/Pods-tawktestios-tawktestiosUITests/Pods-tawktestios-tawktestiosUITests-frameworks.sh\"\n";
			showEnvVarsInLog = 0;
		};
		AB9A04F0A0BD8B75AB665C35 /* [CP] Embed Pods Frameworks */ = {
			isa = PBXShellScriptBuildPhase;
			buildActionMask = 2147483647;
			files = (
			);
			inputFileListPaths = (
				"${PODS_ROOT}/Target Support Files/Pods-tawktestios/Pods-tawktestios-frameworks-${CONFIGURATION}-input-files.xcfilelist",
			);
			name = "[CP] Embed Pods Frameworks";
			outputFileListPaths = (
				"${PODS_ROOT}/Target Support Files/Pods-tawktestios/Pods-tawktestios-frameworks-${CONFIGURATION}-output-files.xcfilelist",
			);
			runOnlyForDeploymentPostprocessing = 0;
			shellPath = /bin/sh;
			shellScript = "\"${PODS_ROOT}/Target Support Files/Pods-tawktestios/Pods-tawktestios-frameworks.sh\"\n";
			showEnvVarsInLog = 0;
		};
		CDA6BD5C013441CBE8673173 /* [CP] Check Pods Manifest.lock */ = {
			isa = PBXShellScriptBuildPhase;
			buildActionMask = 2147483647;
			files = (
			);
			inputFileListPaths = (
			);
			inputPaths = (
				"${PODS_PODFILE_DIR_PATH}/Podfile.lock",
				"${PODS_ROOT}/Manifest.lock",
			);
			name = "[CP] Check Pods Manifest.lock";
			outputFileListPaths = (
			);
			outputPaths = (
				"$(DERIVED_FILE_DIR)/Pods-tawktestiosTests-checkManifestLockResult.txt",
			);
			runOnlyForDeploymentPostprocessing = 0;
			shellPath = /bin/sh;
			shellScript = "diff \"${PODS_PODFILE_DIR_PATH}/Podfile.lock\" \"${PODS_ROOT}/Manifest.lock\" > /dev/null\nif [ $? != 0 ] ; then\n    # print error to STDERR\n    echo \"error: The sandbox is not in sync with the Podfile.lock. Run 'pod install' or update your CocoaPods installation.\" >&2\n    exit 1\nfi\n# This output is used by Xcode 'outputs' to avoid re-running this script phase.\necho \"SUCCESS\" > \"${SCRIPT_OUTPUT_FILE_0}\"\n";
			showEnvVarsInLog = 0;
		};
/* End PBXShellScriptBuildPhase section */

/* Begin PBXSourcesBuildPhase section */
		2917C6B926AACA52003767B0 /* Sources */ = {
			isa = PBXSourcesBuildPhase;
			buildActionMask = 2147483647;
			files = (
				2917C6F526AACAA3003767B0 /* GithubApiRequest.swift in Sources */,
				29F4285B26AD268A0073C150 /* RootStepper.swift in Sources */,
				29F4286C26B12C860073C150 /* ImageDownloader.swift in Sources */,
				2948DCA326AC8078001EF5D2 /* GithubFlow.swift in Sources */,
				29F4288526B331AC0073C150 /* tawktestios.xcdatamodeld in Sources */,
				29F4288C26B35C920073C150 /* GithubUserEntity+CoreDataProperties.swift in Sources */,
				2948DC8D26ABFB6E001EF5D2 /* Service.swift in Sources */,
				29F4285F26AD924D0073C150 /* NetworkOperation.swift in Sources */,
				29F4287726B2EF860073C150 /* CoreDataClient.swift in Sources */,
				29F4287426B160E30073C150 /* ImageLoader.swift in Sources */,
				29F4286226ADCC8C0073C150 /* QueueManager.swift in Sources */,
				2948DC9326AC065B001EF5D2 /* DataSources.swift in Sources */,
				2948DC8326AB415B001EF5D2 /* FetchGithubUserParams.swift in Sources */,
				2948DCA126AC742B001EF5D2 /* GithubStepper.swift in Sources */,
				29F4288D26B35C920073C150 /* GithubUserEntity+CoreDataClass.swift in Sources */,
				29F4289226B48DB40073C150 /* Coordinator.swift in Sources */,
				2948DC8A26ABFB48001EF5D2 /* GithubService.swift in Sources */,
				2917C6C526AACA52003767B0 /* GithubUserListViewController.swift in Sources */,
				29F4289426B48E3A0073C150 /* RootCoordinator.swift in Sources */,
				2948DC9626AC0F07001EF5D2 /* GithubRemoteDataSource.swift in Sources */,
				29F4286926AE9A640073C150 /* GithubUserCell.swift in Sources */,
				29F4289B26B6A6C70073C150 /* CoreDataEntities.swift in Sources */,
				29F4286E26B12D660073C150 /* UIImageView+Extension.swift in Sources */,
				2948DC9E26AC2D98001EF5D2 /* GithubViewModel.swift in Sources */,
				2948DC9A26AC1C39001EF5D2 /* BaseViewController.swift in Sources */,
				29F4286526AE9A3E0073C150 /* UIView+Extension.swift in Sources */,
				2948DC7C26AB3E35001EF5D2 /* Parameterizable.swift in Sources */,
				2948DC7E26AB3E82001EF5D2 /* ApiClient.swift in Sources */,
				2948DC8626AB4DF3001EF5D2 /* ViewModel.swift in Sources */,
				2948DC8126AB3F28001EF5D2 /* GithubUser.swift in Sources */,
				2948DC7826AB367C001EF5D2 /* ApiRequest.swift in Sources */,
				2948DC9C26AC2C33001EF5D2 /* AbstractViewModel.swift in Sources */,
				29F4287226B160BD0073C150 /* ImageCache.swift in Sources */,
				2917C6C126AACA52003767B0 /* AppDelegate.swift in Sources */,
				29F4285D26AD26B80073C150 /* RootFlow.swift in Sources */,
				29F4289626B48E850073C150 /* ProfileCoordinator.swift in Sources */,
				29F4287926B2F1910073C150 /* GithubLocalDataSource.swift in Sources */,
				29F4287026B12EEC0073C150 /* UIImage+Extension.swift in Sources */,
				2917C6C326AACA52003767B0 /* SceneDelegate.swift in Sources */,
				29F4289926B5ED490073C150 /* Reachability.swift in Sources */,
				29F4288F26B3EF000073C150 /* ImageCacheLoader.swift in Sources */,
			);
			runOnlyForDeploymentPostprocessing = 0;
		};
		2917C6D226AACA53003767B0 /* Sources */ = {
			isa = PBXSourcesBuildPhase;
			buildActionMask = 2147483647;
			files = (
				2917C6DB26AACA53003767B0 /* tawktestiosTests.swift in Sources */,
			);
			runOnlyForDeploymentPostprocessing = 0;
		};
		2917C6DD26AACA53003767B0 /* Sources */ = {
			isa = PBXSourcesBuildPhase;
			buildActionMask = 2147483647;
			files = (
				2917C6E626AACA53003767B0 /* tawktestiosUITests.swift in Sources */,
			);
			runOnlyForDeploymentPostprocessing = 0;
		};
/* End PBXSourcesBuildPhase section */

/* Begin PBXTargetDependency section */
		2917C6D826AACA53003767B0 /* PBXTargetDependency */ = {
			isa = PBXTargetDependency;
			target = 2917C6BC26AACA52003767B0 /* tawktestios */;
			targetProxy = 2917C6D726AACA53003767B0 /* PBXContainerItemProxy */;
		};
		2917C6E326AACA53003767B0 /* PBXTargetDependency */ = {
			isa = PBXTargetDependency;
			target = 2917C6BC26AACA52003767B0 /* tawktestios */;
			targetProxy = 2917C6E226AACA53003767B0 /* PBXContainerItemProxy */;
		};
/* End PBXTargetDependency section */

/* Begin PBXVariantGroup section */
		2917C6C626AACA52003767B0 /* Main.storyboard */ = {
			isa = PBXVariantGroup;
			children = (
				2917C6C726AACA52003767B0 /* Base */,
			);
			name = Main.storyboard;
			sourceTree = "<group>";
		};
		2917C6CE26AACA53003767B0 /* LaunchScreen.storyboard */ = {
			isa = PBXVariantGroup;
			children = (
				2917C6CF26AACA53003767B0 /* Base */,
			);
			name = LaunchScreen.storyboard;
			sourceTree = "<group>";
		};
/* End PBXVariantGroup section */

/* Begin XCBuildConfiguration section */
		2917C6E826AACA53003767B0 /* Debug */ = {
			isa = XCBuildConfiguration;
			buildSettings = {
				ALWAYS_SEARCH_USER_PATHS = NO;
				CLANG_ANALYZER_NONNULL = YES;
				CLANG_ANALYZER_NUMBER_OBJECT_CONVERSION = YES_AGGRESSIVE;
				CLANG_CXX_LANGUAGE_STANDARD = "gnu++14";
				CLANG_CXX_LIBRARY = "libc++";
				CLANG_ENABLE_MODULES = YES;
				CLANG_ENABLE_OBJC_ARC = YES;
				CLANG_ENABLE_OBJC_WEAK = YES;
				CLANG_WARN_BLOCK_CAPTURE_AUTORELEASING = YES;
				CLANG_WARN_BOOL_CONVERSION = YES;
				CLANG_WARN_COMMA = YES;
				CLANG_WARN_CONSTANT_CONVERSION = YES;
				CLANG_WARN_DEPRECATED_OBJC_IMPLEMENTATIONS = YES;
				CLANG_WARN_DIRECT_OBJC_ISA_USAGE = YES_ERROR;
				CLANG_WARN_DOCUMENTATION_COMMENTS = YES;
				CLANG_WARN_EMPTY_BODY = YES;
				CLANG_WARN_ENUM_CONVERSION = YES;
				CLANG_WARN_INFINITE_RECURSION = YES;
				CLANG_WARN_INT_CONVERSION = YES;
				CLANG_WARN_NON_LITERAL_NULL_CONVERSION = YES;
				CLANG_WARN_OBJC_IMPLICIT_RETAIN_SELF = YES;
				CLANG_WARN_OBJC_LITERAL_CONVERSION = YES;
				CLANG_WARN_OBJC_ROOT_CLASS = YES_ERROR;
				CLANG_WARN_QUOTED_INCLUDE_IN_FRAMEWORK_HEADER = YES;
				CLANG_WARN_RANGE_LOOP_ANALYSIS = YES;
				CLANG_WARN_STRICT_PROTOTYPES = YES;
				CLANG_WARN_SUSPICIOUS_MOVE = YES;
				CLANG_WARN_UNGUARDED_AVAILABILITY = YES_AGGRESSIVE;
				CLANG_WARN_UNREACHABLE_CODE = YES;
				CLANG_WARN__DUPLICATE_METHOD_MATCH = YES;
				COPY_PHASE_STRIP = NO;
				DEBUG_INFORMATION_FORMAT = dwarf;
				ENABLE_STRICT_OBJC_MSGSEND = YES;
				ENABLE_TESTABILITY = YES;
				GCC_C_LANGUAGE_STANDARD = gnu11;
				GCC_DYNAMIC_NO_PIC = NO;
				GCC_NO_COMMON_BLOCKS = YES;
				GCC_OPTIMIZATION_LEVEL = 0;
				GCC_PREPROCESSOR_DEFINITIONS = (
					"DEBUG=1",
					"$(inherited)",
				);
				GCC_WARN_64_TO_32_BIT_CONVERSION = YES;
				GCC_WARN_ABOUT_RETURN_TYPE = YES_ERROR;
				GCC_WARN_UNDECLARED_SELECTOR = YES;
				GCC_WARN_UNINITIALIZED_AUTOS = YES_AGGRESSIVE;
				GCC_WARN_UNUSED_FUNCTION = YES;
				GCC_WARN_UNUSED_VARIABLE = YES;
				IPHONEOS_DEPLOYMENT_TARGET = 13.0;
				MTL_ENABLE_DEBUG_INFO = INCLUDE_SOURCE;
				MTL_FAST_MATH = YES;
				ONLY_ACTIVE_ARCH = YES;
				SDKROOT = iphoneos;
				SWIFT_ACTIVE_COMPILATION_CONDITIONS = DEBUG;
				SWIFT_OPTIMIZATION_LEVEL = "-Onone";
			};
			name = Debug;
		};
		2917C6E926AACA53003767B0 /* Release */ = {
			isa = XCBuildConfiguration;
			buildSettings = {
				ALWAYS_SEARCH_USER_PATHS = NO;
				CLANG_ANALYZER_NONNULL = YES;
				CLANG_ANALYZER_NUMBER_OBJECT_CONVERSION = YES_AGGRESSIVE;
				CLANG_CXX_LANGUAGE_STANDARD = "gnu++14";
				CLANG_CXX_LIBRARY = "libc++";
				CLANG_ENABLE_MODULES = YES;
				CLANG_ENABLE_OBJC_ARC = YES;
				CLANG_ENABLE_OBJC_WEAK = YES;
				CLANG_WARN_BLOCK_CAPTURE_AUTORELEASING = YES;
				CLANG_WARN_BOOL_CONVERSION = YES;
				CLANG_WARN_COMMA = YES;
				CLANG_WARN_CONSTANT_CONVERSION = YES;
				CLANG_WARN_DEPRECATED_OBJC_IMPLEMENTATIONS = YES;
				CLANG_WARN_DIRECT_OBJC_ISA_USAGE = YES_ERROR;
				CLANG_WARN_DOCUMENTATION_COMMENTS = YES;
				CLANG_WARN_EMPTY_BODY = YES;
				CLANG_WARN_ENUM_CONVERSION = YES;
				CLANG_WARN_INFINITE_RECURSION = YES;
				CLANG_WARN_INT_CONVERSION = YES;
				CLANG_WARN_NON_LITERAL_NULL_CONVERSION = YES;
				CLANG_WARN_OBJC_IMPLICIT_RETAIN_SELF = YES;
				CLANG_WARN_OBJC_LITERAL_CONVERSION = YES;
				CLANG_WARN_OBJC_ROOT_CLASS = YES_ERROR;
				CLANG_WARN_QUOTED_INCLUDE_IN_FRAMEWORK_HEADER = YES;
				CLANG_WARN_RANGE_LOOP_ANALYSIS = YES;
				CLANG_WARN_STRICT_PROTOTYPES = YES;
				CLANG_WARN_SUSPICIOUS_MOVE = YES;
				CLANG_WARN_UNGUARDED_AVAILABILITY = YES_AGGRESSIVE;
				CLANG_WARN_UNREACHABLE_CODE = YES;
				CLANG_WARN__DUPLICATE_METHOD_MATCH = YES;
				COPY_PHASE_STRIP = NO;
				DEBUG_INFORMATION_FORMAT = "dwarf-with-dsym";
				ENABLE_NS_ASSERTIONS = NO;
				ENABLE_STRICT_OBJC_MSGSEND = YES;
				GCC_C_LANGUAGE_STANDARD = gnu11;
				GCC_NO_COMMON_BLOCKS = YES;
				GCC_WARN_64_TO_32_BIT_CONVERSION = YES;
				GCC_WARN_ABOUT_RETURN_TYPE = YES_ERROR;
				GCC_WARN_UNDECLARED_SELECTOR = YES;
				GCC_WARN_UNINITIALIZED_AUTOS = YES_AGGRESSIVE;
				GCC_WARN_UNUSED_FUNCTION = YES;
				GCC_WARN_UNUSED_VARIABLE = YES;
				IPHONEOS_DEPLOYMENT_TARGET = 13.0;
				MTL_ENABLE_DEBUG_INFO = NO;
				MTL_FAST_MATH = YES;
				SDKROOT = iphoneos;
				SWIFT_COMPILATION_MODE = wholemodule;
				SWIFT_OPTIMIZATION_LEVEL = "-O";
				VALIDATE_PRODUCT = YES;
			};
			name = Release;
		};
		2917C6EB26AACA53003767B0 /* Debug */ = {
			isa = XCBuildConfiguration;
			baseConfigurationReference = BCD18C40D1F4BEAFA661F282 /* Pods-tawktestios.debug.xcconfig */;
			buildSettings = {
				ASSETCATALOG_COMPILER_APPICON_NAME = AppIcon;
				ASSETCATALOG_COMPILER_GLOBAL_ACCENT_COLOR_NAME = AccentColor;
				CODE_SIGN_STYLE = Automatic;
				INFOPLIST_FILE = tawktestios/Info.plist;
				IPHONEOS_DEPLOYMENT_TARGET = 13.0;
				LD_RUNPATH_SEARCH_PATHS = (
					"$(inherited)",
					"@executable_path/Frameworks",
				);
				PRODUCT_BUNDLE_IDENTIFIER = com.test.tawktestios;
				PRODUCT_NAME = "$(TARGET_NAME)";
				SWIFT_VERSION = 5.0;
				TARGETED_DEVICE_FAMILY = "1,2";
			};
			name = Debug;
		};
		2917C6EC26AACA53003767B0 /* Release */ = {
			isa = XCBuildConfiguration;
			baseConfigurationReference = 8FBC235EA25A04E96054FBE7 /* Pods-tawktestios.release.xcconfig */;
			buildSettings = {
				ASSETCATALOG_COMPILER_APPICON_NAME = AppIcon;
				ASSETCATALOG_COMPILER_GLOBAL_ACCENT_COLOR_NAME = AccentColor;
				CODE_SIGN_STYLE = Automatic;
				INFOPLIST_FILE = tawktestios/Info.plist;
				IPHONEOS_DEPLOYMENT_TARGET = 13.0;
				LD_RUNPATH_SEARCH_PATHS = (
					"$(inherited)",
					"@executable_path/Frameworks",
				);
				PRODUCT_BUNDLE_IDENTIFIER = com.test.tawktestios;
				PRODUCT_NAME = "$(TARGET_NAME)";
				SWIFT_VERSION = 5.0;
				TARGETED_DEVICE_FAMILY = "1,2";
			};
			name = Release;
		};
		2917C6EE26AACA53003767B0 /* Debug */ = {
			isa = XCBuildConfiguration;
			baseConfigurationReference = 232358D441F54C0C05818D10 /* Pods-tawktestiosTests.debug.xcconfig */;
			buildSettings = {
				ALWAYS_EMBED_SWIFT_STANDARD_LIBRARIES = YES;
				BUNDLE_LOADER = "$(TEST_HOST)";
				CODE_SIGN_STYLE = Automatic;
				INFOPLIST_FILE = tawktestiosTests/Info.plist;
				IPHONEOS_DEPLOYMENT_TARGET = 14.5;
				LD_RUNPATH_SEARCH_PATHS = (
					"$(inherited)",
					"@executable_path/Frameworks",
					"@loader_path/Frameworks",
				);
				PRODUCT_BUNDLE_IDENTIFIER = com.test.tawktestiosTests;
				PRODUCT_NAME = "$(TARGET_NAME)";
				SWIFT_VERSION = 5.0;
				TARGETED_DEVICE_FAMILY = "1,2";
				TEST_HOST = "$(BUILT_PRODUCTS_DIR)/tawktestios.app/tawktestios";
			};
			name = Debug;
		};
		2917C6EF26AACA53003767B0 /* Release */ = {
			isa = XCBuildConfiguration;
			baseConfigurationReference = C5930E47CECBA93DEA7AD49C /* Pods-tawktestiosTests.release.xcconfig */;
			buildSettings = {
				ALWAYS_EMBED_SWIFT_STANDARD_LIBRARIES = YES;
				BUNDLE_LOADER = "$(TEST_HOST)";
				CODE_SIGN_STYLE = Automatic;
				INFOPLIST_FILE = tawktestiosTests/Info.plist;
				IPHONEOS_DEPLOYMENT_TARGET = 14.5;
				LD_RUNPATH_SEARCH_PATHS = (
					"$(inherited)",
					"@executable_path/Frameworks",
					"@loader_path/Frameworks",
				);
				PRODUCT_BUNDLE_IDENTIFIER = com.test.tawktestiosTests;
				PRODUCT_NAME = "$(TARGET_NAME)";
				SWIFT_VERSION = 5.0;
				TARGETED_DEVICE_FAMILY = "1,2";
				TEST_HOST = "$(BUILT_PRODUCTS_DIR)/tawktestios.app/tawktestios";
			};
			name = Release;
		};
		2917C6F126AACA53003767B0 /* Debug */ = {
			isa = XCBuildConfiguration;
			baseConfigurationReference = 2C10C7D74EB1C6736EDC74C6 /* Pods-tawktestios-tawktestiosUITests.debug.xcconfig */;
			buildSettings = {
				ALWAYS_EMBED_SWIFT_STANDARD_LIBRARIES = YES;
				CODE_SIGN_STYLE = Automatic;
				INFOPLIST_FILE = tawktestiosUITests/Info.plist;
				LD_RUNPATH_SEARCH_PATHS = (
					"$(inherited)",
					"@executable_path/Frameworks",
					"@loader_path/Frameworks",
				);
				PRODUCT_BUNDLE_IDENTIFIER = com.test.tawktestiosUITests;
				PRODUCT_NAME = "$(TARGET_NAME)";
				SWIFT_VERSION = 5.0;
				TARGETED_DEVICE_FAMILY = "1,2";
				TEST_TARGET_NAME = tawktestios;
			};
			name = Debug;
		};
		2917C6F226AACA53003767B0 /* Release */ = {
			isa = XCBuildConfiguration;
			baseConfigurationReference = EB63D16D6EB0CCF3B2ED717D /* Pods-tawktestios-tawktestiosUITests.release.xcconfig */;
			buildSettings = {
				ALWAYS_EMBED_SWIFT_STANDARD_LIBRARIES = YES;
				CODE_SIGN_STYLE = Automatic;
				INFOPLIST_FILE = tawktestiosUITests/Info.plist;
				LD_RUNPATH_SEARCH_PATHS = (
					"$(inherited)",
					"@executable_path/Frameworks",
					"@loader_path/Frameworks",
				);
				PRODUCT_BUNDLE_IDENTIFIER = com.test.tawktestiosUITests;
				PRODUCT_NAME = "$(TARGET_NAME)";
				SWIFT_VERSION = 5.0;
				TARGETED_DEVICE_FAMILY = "1,2";
				TEST_TARGET_NAME = tawktestios;
			};
			name = Release;
		};
/* End XCBuildConfiguration section */

/* Begin XCConfigurationList section */
		2917C6B826AACA52003767B0 /* Build configuration list for PBXProject "tawktestios" */ = {
			isa = XCConfigurationList;
			buildConfigurations = (
				2917C6E826AACA53003767B0 /* Debug */,
				2917C6E926AACA53003767B0 /* Release */,
			);
			defaultConfigurationIsVisible = 0;
			defaultConfigurationName = Release;
		};
		2917C6EA26AACA53003767B0 /* Build configuration list for PBXNativeTarget "tawktestios" */ = {
			isa = XCConfigurationList;
			buildConfigurations = (
				2917C6EB26AACA53003767B0 /* Debug */,
				2917C6EC26AACA53003767B0 /* Release */,
			);
			defaultConfigurationIsVisible = 0;
			defaultConfigurationName = Release;
		};
		2917C6ED26AACA53003767B0 /* Build configuration list for PBXNativeTarget "tawktestiosTests" */ = {
			isa = XCConfigurationList;
			buildConfigurations = (
				2917C6EE26AACA53003767B0 /* Debug */,
				2917C6EF26AACA53003767B0 /* Release */,
			);
			defaultConfigurationIsVisible = 0;
			defaultConfigurationName = Release;
		};
		2917C6F026AACA53003767B0 /* Build configuration list for PBXNativeTarget "tawktestiosUITests" */ = {
			isa = XCConfigurationList;
			buildConfigurations = (
				2917C6F126AACA53003767B0 /* Debug */,
				2917C6F226AACA53003767B0 /* Release */,
			);
			defaultConfigurationIsVisible = 0;
			defaultConfigurationName = Release;
		};
/* End XCConfigurationList section */

/* Begin XCVersionGroup section */
		29F4288326B331AC0073C150 /* tawktestios.xcdatamodeld */ = {
			isa = XCVersionGroup;
			children = (
				29F4288426B331AC0073C150 /* tawktestios.xcdatamodel */,
			);
			currentVersion = 29F4288426B331AC0073C150 /* tawktestios.xcdatamodel */;
			path = tawktestios.xcdatamodeld;
			sourceTree = "<group>";
			versionGroupType = wrapper.xcdatamodel;
		};
/* End XCVersionGroup section */
	};
	rootObject = 2917C6B526AACA52003767B0 /* Project object */;
}
